{
  "name": "learn-npm",
  "version": "1.0.0",
  "lockfileVersion": 1,
  "requires": true,
  "dependencies": {
    "animate.css": {
      "version": "3.6.1",
      "resolved": "https://registry.npmjs.org/animate.css/-/animate.css-3.6.1.tgz",
      "integrity": "sha512-xEIzzKyQvQSIldgrtC2d/qptAEQLVlMb6xQrjQ6HU6NyGhF7LAIivRZVmhSAg4EICRASNiS+A1G+wvAKTCoC7A=="
    },
    "font-awesome": {
      "version": "4.7.0",
      "resolved": "https://registry.npmjs.org/font-awesome/-/font-awesome-4.7.0.tgz",
      "integrity": "sha1-j6jPBBGhoxr9B7BtKQK7n8gVoTM="
    },
    "jquery": {
      "version": "2.2.4",
      "resolved": "https://registry.npmjs.org/jquery/-/jquery-2.2.4.tgz",
      "integrity": "sha1-LInWiJterFIqfuoywUUhVZxsvwI="
    },
    "owl.carousel": {
      "version": "2.3.3",
      "resolved": "https://registry.npmjs.org/owl.carousel/-/owl.carousel-2.3.3.tgz",
      "integrity": "sha512-bNIaLcLvpp6jLEp34PzB4VdFjvDGoIs+E5/d+yzDWSFpkPoUEcvAzqBkpsxpcwEcRIKbNvFO9RVdJzKSoiSdAg==",
      "requires": {
        "jquery": "2.2.4"
      }
    },
    "responsimple": {
      "version": "1.0.1",
      "resolved": "https://registry.npmjs.org/responsimple/-/responsimple-1.0.1.tgz",
      "integrity": "sha1-9NlI8TO3fS8iDzYzn/v6a/9OQyg="
    },
    "wowjs": {
      "version": "1.1.3",
      "resolved": "https://registry.npmjs.org/wowjs/-/wowjs-1.1.3.tgz",
      "integrity": "sha1-RA/Bu0x+iWhA7keXIpaitZB1rL0=",
      "requires": {
        "animate.css": "3.6.1"
      }
    }
  }
}
